// !$*UTF8*$!
{
	archiveVersion = 1;
	classes = {
	};
	objectVersion = 46;
	objects = {

/* Begin PBXBuildFile section */
		6658923E91F1BF3135BB208B /* libPods-spree-iOS.a in Frameworks */ = {isa = PBXBuildFile; fileRef = 33F1DB451C41099A043A500C /* libPods-spree-iOS.a */; };
		CBF609251C901D5600875310 /* main.m in Sources */ = {isa = PBXBuildFile; fileRef = CBF609241C901D5600875310 /* main.m */; };
		CBF609281C901D5600875310 /* AppDelegate.m in Sources */ = {isa = PBXBuildFile; fileRef = CBF609271C901D5600875310 /* AppDelegate.m */; };
		CBF6092A1C901D5600875310 /* Assets.xcassets in Resources */ = {isa = PBXBuildFile; fileRef = CBF609291C901D5600875310 /* Assets.xcassets */; };
		CBF6092D1C901D5600875310 /* LaunchScreen.storyboard in Resources */ = {isa = PBXBuildFile; fileRef = CBF6092B1C901D5600875310 /* LaunchScreen.storyboard */; };
/* End PBXBuildFile section */

/* Begin PBXFileReference section */
		33F1DB451C41099A043A500C /* libPods-spree-iOS.a */ = {isa = PBXFileReference; explicitFileType = archive.ar; includeInIndex = 0; path = "libPods-spree-iOS.a"; sourceTree = BUILT_PRODUCTS_DIR; };
		BB2395A83738C00BD0910840 /* Pods-spree-iOS.debug.xcconfig */ = {isa = PBXFileReference; includeInIndex = 1; lastKnownFileType = text.xcconfig; name = "Pods-spree-iOS.debug.xcconfig"; path = "Pods/Target Support Files/Pods-spree-iOS/Pods-spree-iOS.debug.xcconfig"; sourceTree = "<group>"; };
		CBF609201C901D5600875310 /* spree-iOS.app */ = {isa = PBXFileReference; explicitFileType = wrapper.application; includeInIndex = 0; path = "spree-iOS.app"; sourceTree = BUILT_PRODUCTS_DIR; };
		CBF609241C901D5600875310 /* main.m */ = {isa = PBXFileReference; lastKnownFileType = sourcecode.c.objc; path = main.m; sourceTree = "<group>"; };
		CBF609261C901D5600875310 /* AppDelegate.h */ = {isa = PBXFileReference; lastKnownFileType = sourcecode.c.h; path = AppDelegate.h; sourceTree = "<group>"; };
		CBF609271C901D5600875310 /* AppDelegate.m */ = {isa = PBXFileReference; lastKnownFileType = sourcecode.c.objc; path = AppDelegate.m; sourceTree = "<group>"; };
		CBF609291C901D5600875310 /* Assets.xcassets */ = {isa = PBXFileReference; lastKnownFileType = folder.assetcatalog; path = Assets.xcassets; sourceTree = "<group>"; };
		CBF6092C1C901D5600875310 /* Base */ = {isa = PBXFileReference; lastKnownFileType = file.storyboard; name = Base; path = Base.lproj/LaunchScreen.storyboard; sourceTree = "<group>"; };
		CBF6092E1C901D5600875310 /* Info.plist */ = {isa = PBXFileReference; lastKnownFileType = text.plist.xml; path = Info.plist; sourceTree = "<group>"; };
		EF2ABA3BBBE8F9A9388197B7 /* Pods-spree-iOS.release.xcconfig */ = {isa = PBXFileReference; includeInIndex = 1; lastKnownFileType = text.xcconfig; name = "Pods-spree-iOS.release.xcconfig"; path = "Pods/Target Support Files/Pods-spree-iOS/Pods-spree-iOS.release.xcconfig"; sourceTree = "<group>"; };
/* End PBXFileReference section */

/* Begin PBXFrameworksBuildPhase section */
		CBF6091D1C901D5600875310 /* Frameworks */ = {
			isa = PBXFrameworksBuildPhase;
			buildActionMask = 2147483647;
			files = (
				6658923E91F1BF3135BB208B /* libPods-spree-iOS.a in Frameworks */,
			);
			runOnlyForDeploymentPostprocessing = 0;
		};
/* End PBXFrameworksBuildPhase section */

/* Begin PBXGroup section */
		05855FA4CD92EC858F6FB8A5 /* Frameworks */ = {
			isa = PBXGroup;
			children = (
				33F1DB451C41099A043A500C /* libPods-spree-iOS.a */,
			);
			name = Frameworks;
			sourceTree = "<group>";
		};
		CBF609171C901D5600875310 = {
			isa = PBXGroup;
			children = (
				CBF609221C901D5600875310 /* spree-iOS */,
				CBF609211C901D5600875310 /* Products */,
				DE9839328861FF7473B1DE8A /* Pods */,
				05855FA4CD92EC858F6FB8A5 /* Frameworks */,
			);
			sourceTree = "<group>";
		};
		CBF609211C901D5600875310 /* Products */ = {
			isa = PBXGroup;
			children = (
				CBF609201C901D5600875310 /* spree-iOS.app */,
			);
			name = Products;
			sourceTree = "<group>";
		};
		CBF609221C901D5600875310 /* spree-iOS */ = {
			isa = PBXGroup;
			children = (
				CBF609261C901D5600875310 /* AppDelegate.h */,
				CBF609271C901D5600875310 /* AppDelegate.m */,
				CBF609291C901D5600875310 /* Assets.xcassets */,
				CBF6092B1C901D5600875310 /* LaunchScreen.storyboard */,
				CBF6092E1C901D5600875310 /* Info.plist */,
				CBF609231C901D5600875310 /* Supporting Files */,
			);
			path = "spree-iOS";
			sourceTree = "<group>";
		};
		CBF609231C901D5600875310 /* Supporting Files */ = {
			isa = PBXGroup;
			children = (
				CBF609241C901D5600875310 /* main.m */,
			);
			name = "Supporting Files";
			sourceTree = "<group>";
		};
		DE9839328861FF7473B1DE8A /* Pods */ = {
			isa = PBXGroup;
			children = (
				BB2395A83738C00BD0910840 /* Pods-spree-iOS.debug.xcconfig */,
				EF2ABA3BBBE8F9A9388197B7 /* Pods-spree-iOS.release.xcconfig */,
			);
			name = Pods;
			sourceTree = "<group>";
		};
/* End PBXGroup section */

/* Begin PBXNativeTarget section */
		CBF6091F1C901D5600875310 /* spree-iOS */ = {
			isa = PBXNativeTarget;
			buildConfigurationList = CBF609311C901D5600875310 /* Build configuration list for PBXNativeTarget "spree-iOS" */;
			buildPhases = (
				8B7B13116276DE04DE9544CF /* Check Pods Manifest.lock */,
				CBF6091C1C901D5600875310 /* Sources */,
				CBF6091D1C901D5600875310 /* Frameworks */,
				CBF6091E1C901D5600875310 /* Resources */,
				6CE7B014F6C3DAC29A691154 /* Embed Pods Frameworks */,
				9500144163EE575724FA361D /* Copy Pods Resources */,
			);
			buildRules = (
			);
			dependencies = (
			);
			name = "spree-iOS";
			productName = "spree-iOS";
			productReference = CBF609201C901D5600875310 /* spree-iOS.app */;
			productType = "com.apple.product-type.application";
		};
/* End PBXNativeTarget section */

/* Begin PBXProject section */
		CBF609181C901D5600875310 /* Project object */ = {
			isa = PBXProject;
			attributes = {
				LastUpgradeCheck = 0720;
				ORGANIZATIONNAME = chandler;
				TargetAttributes = {
					CBF6091F1C901D5600875310 = {
						CreatedOnToolsVersion = 7.2;
						DevelopmentTeam = BVR5G2FX27;
					};
				};
			};
			buildConfigurationList = CBF6091B1C901D5600875310 /* Build configuration list for PBXProject "spree-iOS" */;
			compatibilityVersion = "Xcode 3.2";
			developmentRegion = English;
			hasScannedForEncodings = 0;
			knownRegions = (
				en,
				Base,
			);
			mainGroup = CBF609171C901D5600875310;
			productRefGroup = CBF609211C901D5600875310 /* Products */;
			projectDirPath = "";
			projectRoot = "";
			targets = (
				CBF6091F1C901D5600875310 /* spree-iOS */,
			);
		};
/* End PBXProject section */

/* Begin PBXResourcesBuildPhase section */
		CBF6091E1C901D5600875310 /* Resources */ = {
			isa = PBXResourcesBuildPhase;
			buildActionMask = 2147483647;
			files = (
				CBF6092A1C901D5600875310 /* Assets.xcassets in Resources */,
				CBF6092D1C901D5600875310 /* LaunchScreen.storyboard in Resources */,
			);
			runOnlyForDeploymentPostprocessing = 0;
		};
/* End PBXResourcesBuildPhase section */

/* Begin PBXShellScriptBuildPhase section */
		6CE7B014F6C3DAC29A691154 /* Embed Pods Frameworks */ = {
			isa = PBXShellScriptBuildPhase;
			buildActionMask = 2147483647;
			files = (
			);
			inputPaths = (
			);
			name = "Embed Pods Frameworks";
			outputPaths = (
			);
			runOnlyForDeploymentPostprocessing = 0;
			shellPath = /bin/sh;
			shellScript = "\"${SRCROOT}/Pods/Target Support Files/Pods-spree-iOS/Pods-spree-iOS-frameworks.sh\"\n";
			showEnvVarsInLog = 0;
		};
		8B7B13116276DE04DE9544CF /* Check Pods Manifest.lock */ = {
			isa = PBXShellScriptBuildPhase;
			buildActionMask = 2147483647;
			files = (
			);
			inputPaths = (
			);
			name = "Check Pods Manifest.lock";
			outputPaths = (
			);
			runOnlyForDeploymentPostprocessing = 0;
			shellPath = /bin/sh;
			shellScript = "diff \"${PODS_ROOT}/../Podfile.lock\" \"${PODS_ROOT}/Manifest.lock\" > /dev/null\nif [[ $? != 0 ]] ; then\n    cat << EOM\nerror: The sandbox is not in sync with the Podfile.lock. Run 'pod install' or update your CocoaPods installation.\nEOM\n    exit 1\nfi\n";
			showEnvVarsInLog = 0;
		};
		9500144163EE575724FA361D /* Copy Pods Resources */ = {
			isa = PBXShellScriptBuildPhase;
			buildActionMask = 2147483647;
			files = (
			);
			inputPaths = (
			);
			name = "Copy Pods Resources";
			outputPaths = (
			);
			runOnlyForDeploymentPostprocessing = 0;
			shellPath = /bin/sh;
			shellScript = "\"${SRCROOT}/Pods/Target Support Files/Pods-spree-iOS/Pods-spree-iOS-resources.sh\"\n";
			showEnvVarsInLog = 0;
		};
/* End PBXShellScriptBuildPhase section */

/* Begin PBXSourcesBuildPhase section */
		CBF6091C1C901D5600875310 /* Sources */ = {
			isa = PBXSourcesBuildPhase;
			buildActionMask = 2147483647;
			files = (
				CBF609281C901D5600875310 /* AppDelegate.m in Sources */,
				CBF609251C901D5600875310 /* main.m in Sources */,
			);
			runOnlyForDeploymentPostprocessing = 0;
		};
/* End PBXSourcesBuildPhase section */

/* Begin PBXVariantGroup section */
		CBF6092B1C901D5600875310 /* LaunchScreen.storyboard */ = {
			isa = PBXVariantGroup;
			children = (
				CBF6092C1C901D5600875310 /* Base */,
			);
			name = LaunchScreen.storyboard;
			sourceTree = "<group>";
		};
/* End PBXVariantGroup section */

/* Begin XCBuildConfiguration section */
		CBF6092F1C901D5600875310 /* Debug */ = {
			isa = XCBuildConfiguration;
			buildSettings = {
				ALWAYS_SEARCH_USER_PATHS = NO;
				CLANG_CXX_LANGUAGE_STANDARD = "gnu++0x";
				CLANG_CXX_LIBRARY = "libc++";
				CLANG_ENABLE_MODULES = YES;
				CLANG_ENABLE_OBJC_ARC = YES;
				CLANG_WARN_BOOL_CONVERSION = YES;
				CLANG_WARN_CONSTANT_CONVERSION = YES;
				CLANG_WARN_DIRECT_OBJC_ISA_USAGE = YES_ERROR;
				CLANG_WARN_EMPTY_BODY = YES;
				CLANG_WARN_ENUM_CONVERSION = YES;
				CLANG_WARN_INT_CONVERSION = YES;
				CLANG_WARN_OBJC_ROOT_CLASS = YES_ERROR;
				CLANG_WARN_UNREACHABLE_CODE = YES;
				CLANG_WARN__DUPLICATE_METHOD_MATCH = YES;
				"CODE_SIGN_IDENTITY[sdk=iphoneos*]" = "iPhone Developer";
				COPY_PHASE_STRIP = NO;
				DEBUG_INFORMATION_FORMAT = dwarf;
				ENABLE_STRICT_OBJC_MSGSEND = YES;
				ENABLE_TESTABILITY = YES;
				GCC_C_LANGUAGE_STANDARD = gnu99;
				GCC_DYNAMIC_NO_PIC = NO;
				GCC_NO_COMMON_BLOCKS = YES;
				GCC_OPTIMIZATION_LEVEL = 0;
				GCC_PREPROCESSOR_DEFINITIONS = (
					"DEBUG=1",
					"$(inherited)",
				);
				GCC_WARN_64_TO_32_BIT_CONVERSION = YES;
				GCC_WARN_ABOUT_RETURN_TYPE = YES_ERROR;
				GCC_WARN_UNDECLARED_SELECTOR = YES;
				GCC_WARN_UNINITIALIZED_AUTOS = YES_AGGRESSIVE;
				GCC_WARN_UNUSED_FUNCTION = YES;
				GCC_WARN_UNUSED_VARIABLE = YES;
				IPHONEOS_DEPLOYMENT_TARGET = 7.1;
				MTL_ENABLE_DEBUG_INFO = YES;
				ONLY_ACTIVE_ARCH = YES;
				SDKROOT = iphoneos;
			};
			name = Debug;
		};
		CBF609301C901D5600875310 /* Release */ = {
			isa = XCBuildConfiguration;
			buildSettings = {
				ALWAYS_SEARCH_USER_PATHS = NO;
				CLANG_CXX_LANGUAGE_STANDARD = "gnu++0x";
				CLANG_CXX_LIBRARY = "libc++";
				CLANG_ENABLE_MODULES = YES;
				CLANG_ENABLE_OBJC_ARC = YES;
				CLANG_WARN_BOOL_CONVERSION = YES;
				CLANG_WARN_CONSTANT_CONVERSION = YES;
				CLANG_WARN_DIRECT_OBJC_ISA_USAGE = YES_ERROR;
				CLANG_WARN_EMPTY_BODY = YES;
				CLANG_WARN_ENUM_CONVERSION = YES;
				CLANG_WARN_INT_CONVERSION = YES;
				CLANG_WARN_OBJC_ROOT_CLASS = YES_ERROR;
				CLANG_WARN_UNREACHABLE_CODE = YES;
				CLANG_WARN__DUPLICATE_METHOD_MATCH = YES;
				"CODE_SIGN_IDENTITY[sdk=iphoneos*]" = "iPhone Developer";
				COPY_PHASE_STRIP = NO;
				DEBUG_INFORMATION_FORMAT = "dwarf-with-dsym";
				ENABLE_NS_ASSERTIONS = NO;
				ENABLE_STRICT_OBJC_MSGSEND = YES;
				GCC_C_LANGUAGE_STANDARD = gnu99;
				GCC_NO_COMMON_BLOCKS = YES;
				GCC_WARN_64_TO_32_BIT_CONVERSION = YES;
				GCC_WARN_ABOUT_RETURN_TYPE = YES_ERROR;
				GCC_WARN_UNDECLARED_SELECTOR = YES;
				GCC_WARN_UNINITIALIZED_AUTOS = YES_AGGRESSIVE;
				GCC_WARN_UNUSED_FUNCTION = YES;
				GCC_WARN_UNUSED_VARIABLE = YES;
				IPHONEOS_DEPLOYMENT_TARGET = 7.1;
				MTL_ENABLE_DEBUG_INFO = NO;
				SDKROOT = iphoneos;
				VALIDATE_PRODUCT = YES;
			};
			name = Release;
		};
		CBF609321C901D5600875310 /* Debug */ = {
			isa = XCBuildConfiguration;
			baseConfigurationReference = BB2395A83738C00BD0910840 /* Pods-spree-iOS.debug.xcconfig */;
			buildSettings = {
				ASSETCATALOG_COMPILER_APPICON_NAME = AppIcon;
				INFOPLIST_FILE = "spree-iOS/Info.plist";
				LD_RUNPATH_SEARCH_PATHS = "$(inherited) @executable_path/Frameworks";
				PRODUCT_BUNDLE_IDENTIFIER = "com.bzshow.spree-iOS";
				PRODUCT_NAME = "$(TARGET_NAME)";
			};
			name = Debug;
		};
		CBF609331C901D5600875310 /* Release */ = {
			isa = XCBuildConfiguration;
			baseConfigurationReference = EF2ABA3BBBE8F9A9388197B7 /* Pods-spree-iOS.release.xcconfig */;
			buildSettings = {
				ASSETCATALOG_COMPILER_APPICON_NAME = AppIcon;
				INFOPLIST_FILE = "spree-iOS/Info.plist";
				LD_RUNPATH_SEARCH_PATHS = "$(inherited) @executable_path/Frameworks";
				PRODUCT_BUNDLE_IDENTIFIER = "com.bzshow.spree-iOS";
				PRODUCT_NAME = "$(TARGET_NAME)";
			};
			name = Release;
		};
/* End XCBuildConfiguration section */

/* Begin XCConfigurationList section */
		CBF6091B1C901D5600875310 /* Build configuration list for PBXProject "spree-iOS" */ = {
			isa = XCConfigurationList;
			buildConfigurations = (
				CBF6092F1C901D5600875310 /* Debug */,
				CBF609301C901D5600875310 /* Release */,
			);
			defaultConfigurationIsVisible = 0;
			defaultConfigurationName = Release;
		};
		CBF609311C901D5600875310 /* Build configuration list for PBXNativeTarget "spree-iOS" */ = {
			isa = XCConfigurationList;
			buildConfigurations = (
				CBF609321C901D5600875310 /* Debug */,
				CBF609331C901D5600875310 /* Release */,
			);
			defaultConfigurationIsVisible = 0;
			defaultConfigurationName = Release;
		};
/* End XCConfigurationList section */
	};
	rootObject = CBF609181C901D5600875310 /* Project object */;
}
